
Microsoft Visual Studio Solution File, Format Version 12.00
# Visual Studio 15
VisualStudioVersion = 15.0.27428.2037
MinimumVisualStudioVersion = 10.0.40219.1
Project("{FAE04EC0-301F-11D3-BF4B-00C04F79EFBC}") = "UNiDAYS-discount", "UNiDAYS-discount\UNiDAYS-discount.csproj", "{DE392575-48A5-4148-9017-26BCCF48152A}"
EndProject
Global
	GlobalSection(SolutionConfigurationPlatforms) = preSolution
		Debug|Any CPU = Debug|Any CPU
		Release|Any CPU = Release|Any CPU
	EndGlobalSection
	GlobalSection(ProjectConfigurationPlatforms) = postSolution
		{DE392575-48A5-4148-9017-26BCCF48152A}.Debug|Any CPU.ActiveCfg = Debug|Any CPU
		{DE392575-48A5-4148-9017-26BCCF48152A}.Debug|Any CPU.Build.0 = Debug|Any CPU
		{DE392575-48A5-4148-9017-26BCCF48152A}.Release|Any CPU.ActiveCfg = Release|Any CPU
		{DE392575-48A5-4148-9017-26BCCF48152A}.Release|Any CPU.Build.0 = Release|Any CPU
	EndGlobalSection
	GlobalSection(SolutionProperties) = preSolution
		HideSolutionNode = FALSE
	EndGlobalSection
	GlobalSection(ExtensibilityGlobals) = postSolution
		SolutionGuid = {5C619104-F401-4779-AFE6-489D3DC77224}
	EndGlobalSection
EndGlobal
